{
  "version": 4,
  "terraform_version": "0.12.2",
  "serial": 5,
  "lineage": "b148fe00-900c-fd9d-7506-dda971e81706",
  "outputs": {},
  "resources": [
    {
      "module": "module.network",
      "mode": "managed",
      "type": "google_compute_address",
      "name": "ip_address",
      "each": "list",
      "provider": "provider.google",
      "instances": []
    },
    {
      "module": "module.network",
      "mode": "managed",
      "type": "google_compute_network",
      "name": "network",
      "provider": "provider.google",
      "instances": [
        {
          "schema_version": 0,
          "attributes": {
            "auto_create_subnetworks": false,
            "delete_default_routes_on_create": false,
            "description": "",
            "gateway_ipv4": "",
            "id": "kube",
            "ipv4_range": "",
            "name": "kube",
            "project": "silver-aurora-311809",
            "routing_mode": "GLOBAL",
            "self_link": "https://www.googleapis.com/compute/v1/projects/silver-aurora-311809/global/networks/kube",
            "timeouts": null
          }
        }
      ]
    },
    {
      "module": "module.network",
      "mode": "managed",
      "type": "google_compute_router",
      "name": "router",
      "each": "list",
      "provider": "provider.google",
      "instances": []
    },
    {
      "module": "module.network",
      "mode": "managed",
      "type": "google_compute_router_nat",
      "name": "nat_router",
      "each": "list",
      "provider": "provider.google",
      "instances": []
    },
    {
      "module": "module.network",
      "mode": "managed",
      "type": "google_compute_subnetwork",
      "name": "subnetwork",
      "provider": "provider.google",
      "instances": [
        {
          "schema_version": 0,
          "attributes": {
            "creation_timestamp": "2021-04-25T06:00:45.949-07:00",
            "description": "",
            "enable_flow_logs": false,
            "fingerprint": "JEZRfCQEyYw=",
            "gateway_address": "10.40.0.1",
            "id": "us-central1/kube-subnet",
            "ip_cidr_range": "10.40.0.0/16",
            "name": "kube-subnet",
            "network": "https://www.googleapis.com/compute/v1/projects/silver-aurora-311809/global/networks/kube",
            "private_ip_google_access": true,
            "project": "silver-aurora-311809",
            "region": "us-central1",
            "secondary_ip_range": [
              {
                "ip_cidr_range": "10.41.0.0/16",
                "range_name": "gke-pods-1"
              },
              {
                "ip_cidr_range": "10.42.0.0/16",
                "range_name": "gke-services-1"
              }
            ],
            "self_link": "https://www.googleapis.com/compute/v1/projects/silver-aurora-311809/regions/us-central1/subnetworks/kube-subnet",
            "timeouts": null
          },
          "depends_on": [
            "google_compute_network.network"
          ]
        }
      ]
    },
    {
      "module": "module.node_pool",
      "mode": "managed",
      "type": "google_container_node_pool",
      "name": "node_pool",
      "provider": "provider.google",
      "instances": []
    },
    {
      "module": "module.node_pool",
      "mode": "managed",
      "type": "random_id",
      "name": "entropy",
      "provider": "provider.random",
      "instances": [
        {
          "schema_version": 0,
          "attributes": {
            "b64_std": "OdY=",
            "b64_url": "OdY",
            "byte_length": 2,
            "dec": "14806",
            "hex": "39d6",
            "id": "OdY",
            "keepers": {
              "disk_size": "100",
              "disk_type": "pd-standard",
              "initial_node_count": "1",
              "labels": "{}",
              "machine_type": "n1-standard-4",
              "name": "gke-example-node-pool",
              "region": "us-central1",
              "tags": ""
            },
            "prefix": null
          },
          "private": "bnVsbA=="
        }
      ]
    }
  ]
}
