{
  "version": 4,
  "terraform_version": "0.12.2",
  "serial": 8,
  "lineage": "b148fe00-900c-fd9d-7506-dda971e81706",
  "outputs": {},
  "resources": [
    {
      "module": "module.network",
      "mode": "managed",
      "type": "google_compute_address",
      "name": "ip_address",
      "each": "list",
      "provider": "provider.google",
      "instances": []
    },
    {
      "module": "module.network",
      "mode": "managed",
      "type": "google_compute_network",
      "name": "network",
      "provider": "provider.google",
      "instances": [
        {
          "schema_version": 0,
          "attributes": {
            "auto_create_subnetworks": false,
            "delete_default_routes_on_create": false,
            "description": "",
            "gateway_ipv4": "",
            "id": "kube",
            "ipv4_range": "",
            "name": "kube",
            "project": "silver-aurora-311809",
            "routing_mode": "GLOBAL",
            "self_link": "https://www.googleapis.com/compute/v1/projects/silver-aurora-311809/global/networks/kube",
            "timeouts": null
          }
        }
      ]
    },
    {
      "module": "module.network",
      "mode": "managed",
      "type": "google_compute_router",
      "name": "router",
      "each": "list",
      "provider": "provider.google",
      "instances": []
    },
    {
      "module": "module.network",
      "mode": "managed",
      "type": "google_compute_router_nat",
      "name": "nat_router",
      "each": "list",
      "provider": "provider.google",
      "instances": []
    },
    {
      "module": "module.network",
      "mode": "managed",
      "type": "google_compute_subnetwork",
      "name": "subnetwork",
      "provider": "provider.google",
      "instances": [
        {
          "schema_version": 0,
          "attributes": {
            "creation_timestamp": "2021-04-25T06:00:45.949-07:00",
            "description": "",
            "enable_flow_logs": false,
            "fingerprint": "JEZRfCQEyYw=",
            "gateway_address": "10.40.0.1",
            "id": "us-central1/kube-subnet",
            "ip_cidr_range": "10.40.0.0/16",
            "name": "kube-subnet",
            "network": "https://www.googleapis.com/compute/v1/projects/silver-aurora-311809/global/networks/kube",
            "private_ip_google_access": true,
            "project": "silver-aurora-311809",
            "region": "us-central1",
            "secondary_ip_range": [
              {
                "ip_cidr_range": "10.41.0.0/16",
                "range_name": "gke-pods-1"
              },
              {
                "ip_cidr_range": "10.42.0.0/16",
                "range_name": "gke-services-1"
              }
            ],
            "self_link": "https://www.googleapis.com/compute/v1/projects/silver-aurora-311809/regions/us-central1/subnetworks/kube-subnet",
            "timeouts": null
          },
          "depends_on": [
            "google_compute_network.network"
          ]
        }
      ]
    },
    {
      "module": "module.cluster",
      "mode": "managed",
      "type": "google_container_cluster",
      "name": "cluster",
      "provider": "provider.google",
      "instances": [
        {
          "schema_version": 1,
          "attributes": {
            "additional_zones": [
              "us-central1-b",
              "us-central1-c",
              "us-central1-f"
            ],
            "addons_config": [
              {
                "horizontal_pod_autoscaling": [],
                "http_load_balancing": [],
                "kubernetes_dashboard": [
                  {
                    "disabled": true
                  }
                ],
                "network_policy_config": [
                  {
                    "disabled": false
                  }
                ]
              }
            ],
            "cluster_autoscaling": [],
            "cluster_ipv4_cidr": "10.41.0.0/16",
            "description": "",
            "enable_binary_authorization": false,
            "enable_kubernetes_alpha": false,
            "enable_legacy_abac": false,
            "enable_tpu": false,
            "endpoint": "35.202.224.35",
            "id": "gke-example",
            "initial_node_count": 1,
            "instance_group_urls": [],
            "ip_allocation_policy": [
              {
                "cluster_ipv4_cidr_block": "10.41.0.0/16",
                "cluster_secondary_range_name": "gke-pods-1",
                "create_subnetwork": false,
                "node_ipv4_cidr_block": "",
                "services_ipv4_cidr_block": "10.42.0.0/16",
                "services_secondary_range_name": "gke-services-1",
                "subnetwork_name": "",
                "use_ip_aliases": true
              }
            ],
            "location": "us-central1",
            "logging_service": "logging.googleapis.com/kubernetes",
            "maintenance_policy": [
              {
                "daily_maintenance_window": [
                  {
                    "duration": "PT4H0M0S",
                    "start_time": "06:00"
                  }
                ]
              }
            ],
            "master_auth": [
              {
                "client_certificate": "",
                "client_certificate_config": [
                  {
                    "issue_client_certificate": false
                  }
                ],
                "client_key": "",
                "cluster_ca_certificate": "LS0tLS1CRUdJTiBDRVJUSUZJQ0FURS0tLS0tCk1JSURLakNDQWhLZ0F3SUJBZ0lRVlRVOHJsKytFQnFiOGFmSnpxekpXVEFOQmdrcWhraUc5dzBCQVFzRkFEQXYKTVMwd0t3WURWUVFERXlSbFptSm1ZV0kwTVMxak5qQmtMVFJoWXpZdE9XTm1NUzB6Tm1GaE5UQmpaRGt3WldRdwpIaGNOTWpFd05ESTFNVEl4TXpFd1doY05Nall3TkRJME1UTXhNekV3V2pBdk1TMHdLd1lEVlFRREV5UmxabUptCllXSTBNUzFqTmpCa0xUUmhZell0T1dObU1TMHpObUZoTlRCalpEa3daV1F3Z2dFaU1BMEdDU3FHU0liM0RRRUIKQVFVQUE0SUJEd0F3Z2dFS0FvSUJBUUNsMFdHblpYZXRod2lPQk95N3pBajFRakpoMG4vakhiU3FTQzZtQ0NWUwp2aUdtQzZyMUhyRzNkOXgxLzI3Nm9HZkVzWGNrT1E5eEhoOGdqS0thb2ZNbGpvWHd0QW1yZE9IK0hrVDlMUUNrCjRWK0dib1pGSlNNb3hNdkVvSUU1THlyT2lRQXN0UG1pd2xleGhkMXZkRFpINHVuMVRnUG0xdmh4b045V0RQaEIKeFcxaE9aRkIxTG9seUJ4eDJtLy9EMmU5WktrWExKZ2g1bWxRbU5mWW1hajBtQnhGeno2MXZNVkJTaWVTYnQrVwp2WEt6b2IzVmJIT3ltN3BLVHZRZ1B5aWZxWG1hQlFZakxFc3N4S3ZocElYMmpveCtOZGtvRy9JcStlUThDMTJ0ClM2L0gzY3ZsSDh5aHFGUDZFSmR1dXQyVGt1amFTS1F6TUtJekRqT2dFM0duQWdNQkFBR2pRakJBTUE0R0ExVWQKRHdFQi93UUVBd0lDQkRBUEJnTlZIUk1CQWY4RUJUQURBUUgvTUIwR0ExVWREZ1FXQkJRckEyUjM5aWNYcEExMwpCSE83aDJWdVhXdGlvREFOQmdrcWhraUc5dzBCQVFzRkFBT0NBUUVBRXJzUG0vOVZ4elVTRmVSMG1hR0VKYXRICmhRLytmQ20xSWV4ZDdoTEJpRWRsZUhQdGgvWENUK2xvVE1XZXhwdmtvVUU3U1lVdytlTDJOTTNsVkNCMk9HRXYKQWMxUGQ5NXZROUd3ak81cWJEN3FzRmFQU3pSeEZIc1FKZnloWi9aRmdRbStGdlpsUU5MN1JaTG5oUnV2S3NkTwpTUGlvUVR0d0g5dW1rNWQ0Y0pzV1VIOTlLNkxvQnhzWk1OWVBhNWM4d3JFd1ArbUk3MzA1Y2NObnFYV0NsTWZBCm9ZWGh4R0hTTVVXcDBUZnhvaFo1NmpHd05sUnhpTFE3Z2lSMXVnOWZMem96N0l5V2pvZURhN2hrbTFOUmo4dGcKWG1CS0xiRWtOUXFsRUFuVWRPYWZrMnliT08rZE5HOE1UZDc2WW84Q0hZeGVRQ043TjN2VG4wQ3FEcXcrZ0E9PQotLS0tLUVORCBDRVJUSUZJQ0FURS0tLS0tCg==",
                "password": "",
                "username": ""
              }
            ],
            "master_authorized_networks_config": [
              {
                "cidr_blocks": [
                  {
                    "cidr_block": "0.0.0.0/0",
                    "display_name": "everywhere"
                  }
                ]
              }
            ],
            "master_version": "1.17.17-gke.3700",
            "min_master_version": "1.17.17-gke.3700",
            "monitoring_service": "monitoring.googleapis.com/kubernetes",
            "name": "gke-example",
            "network": "projects/silver-aurora-311809/global/networks/kube",
            "network_policy": [
              {
                "enabled": true,
                "provider": ""
              }
            ],
            "node_config": [],
            "node_locations": [
              "us-central1-b",
              "us-central1-c",
              "us-central1-f"
            ],
            "node_pool": [],
            "node_version": "1.17.17-gke.3700",
            "pod_security_policy_config": [],
            "private_cluster_config": [],
            "project": "silver-aurora-311809",
            "region": "us-central1",
            "remove_default_node_pool": true,
            "resource_labels": {
              "kubernetescluster": "gke-example"
            },
            "subnetwork": "projects/silver-aurora-311809/regions/us-central1/subnetworks/kube-subnet",
            "timeouts": null,
            "zone": null
          },
          "private": "eyJlMmJmYjczMC1lY2FhLTExZTYtOGY4OC0zNDM2M2JjN2M0YzAiOnsiY3JlYXRlIjoxODAwMDAwMDAwMDAwLCJkZWxldGUiOjE4MDAwMDAwMDAwMDAsInVwZGF0ZSI6MTgwMDAwMDAwMDAwMH0sInNjaGVtYV92ZXJzaW9uIjoiMSJ9"
        }
      ]
    },
    {
      "module": "module.node_pool",
      "mode": "managed",
      "type": "google_container_node_pool",
      "name": "node_pool",
      "provider": "provider.google",
      "instances": [
        {
          "schema_version": 1,
          "attributes": {
            "autoscaling": [
              {
                "max_node_count": 2,
                "min_node_count": 1
              }
            ],
            "cluster": "gke-example",
            "id": "us-central1/gke-example/gke-example-node-pool-39d6",
            "initial_node_count": 1,
            "instance_group_urls": [
              "https://www.googleapis.com/compute/v1/projects/silver-aurora-311809/zones/us-central1-c/instanceGroupManagers/gke-gke-example-gke-example-node-pool-de9f20c4-grp",
              "https://www.googleapis.com/compute/v1/projects/silver-aurora-311809/zones/us-central1-b/instanceGroupManagers/gke-gke-example-gke-example-node-pool-3bf8c5fe-grp",
              "https://www.googleapis.com/compute/v1/projects/silver-aurora-311809/zones/us-central1-f/instanceGroupManagers/gke-gke-example-gke-example-node-pool-0e87a6d6-grp"
            ],
            "location": "us-central1",
            "management": [
              {
                "auto_repair": true,
                "auto_upgrade": true
              }
            ],
            "max_pods_per_node": 0,
            "name": "gke-example-node-pool-39d6",
            "name_prefix": "",
            "node_config": [
              {
                "disk_size_gb": 100,
                "disk_type": "pd-standard",
                "guest_accelerator": [],
                "image_type": "COS",
                "labels": {},
                "local_ssd_count": 0,
                "machine_type": "n1-standard-4",
                "metadata": {
                  "disable-legacy-endpoints": "true"
                },
                "min_cpu_platform": "",
                "oauth_scopes": [
                  "https://www.googleapis.com/auth/compute",
                  "https://www.googleapis.com/auth/devstorage.read_only",
                  "https://www.googleapis.com/auth/logging.write",
                  "https://www.googleapis.com/auth/monitoring"
                ],
                "preemptible": false,
                "service_account": "default",
                "tags": [],
                "taint": [],
                "workload_metadata_config": []
              }
            ],
            "node_count": 1,
            "project": "silver-aurora-311809",
            "region": "us-central1",
            "timeouts": null,
            "version": "1.17.17-gke.3700",
            "zone": null
          },
          "private": "eyJlMmJmYjczMC1lY2FhLTExZTYtOGY4OC0zNDM2M2JjN2M0YzAiOnsiY3JlYXRlIjoxODAwMDAwMDAwMDAwLCJkZWxldGUiOjYwMDAwMDAwMDAwMCwidXBkYXRlIjo2MDAwMDAwMDAwMDB9LCJzY2hlbWFfdmVyc2lvbiI6IjEifQ==",
          "depends_on": [
            "random_id.entropy"
          ]
        }
      ]
    },
    {
      "module": "module.node_pool",
      "mode": "managed",
      "type": "random_id",
      "name": "entropy",
      "provider": "provider.random",
      "instances": [
        {
          "schema_version": 0,
          "attributes": {
            "b64_std": "OdY=",
            "b64_url": "OdY",
            "byte_length": 2,
            "dec": "14806",
            "hex": "39d6",
            "id": "OdY",
            "keepers": {
              "disk_size": "100",
              "disk_type": "pd-standard",
              "initial_node_count": "1",
              "labels": "{}",
              "machine_type": "n1-standard-4",
              "name": "gke-example-node-pool",
              "region": "us-central1",
              "tags": ""
            },
            "prefix": null
          },
          "private": "bnVsbA=="
        }
      ]
    }
  ]
}
